
Microsoft Visual Studio Solution File, Format Version 12.00
# Visual Studio Version 16
VisualStudioVersion = 16.0.31205.134
MinimumVisualStudioVersion = 10.0.40219.1
Project("{8BC9CEB8-8B4A-11D0-8D11-00A0C91BC942}") = "4_single_linked_list_withouthead", "4_single_linked_list_withouthead.vcxproj", "{5A20A837-FE66-4186-86F0-752F7DD8FB96}"
EndProject
Global
	GlobalSection(SolutionConfigurationPlatforms) = preSolution
		Debug|x64 = Debug|x64
		Debug|x86 = Debug|x86
		Release|x64 = Release|x64
		Release|x86 = Release|x86
	EndGlobalSection
	GlobalSection(ProjectConfigurationPlatforms) = postSolution
		{5A20A837-FE66-4186-86F0-752F7DD8FB96}.Debug|x64.ActiveCfg = Debug|x64
		{5A20A837-FE66-4186-86F0-752F7DD8FB96}.Debug|x64.Build.0 = Debug|x64
		{5A20A837-FE66-4186-86F0-752F7DD8FB96}.Debug|x86.ActiveCfg = Debug|Win32
		{5A20A837-FE66-4186-86F0-752F7DD8FB96}.Debug|x86.Build.0 = Debug|Win32
		{5A20A837-FE66-4186-86F0-752F7DD8FB96}.Release|x64.ActiveCfg = Release|x64
		{5A20A837-FE66-4186-86F0-752F7DD8FB96}.Release|x64.Build.0 = Release|x64
		{5A20A837-FE66-4186-86F0-752F7DD8FB96}.Release|x86.ActiveCfg = Release|Win32
		{5A20A837-FE66-4186-86F0-752F7DD8FB96}.Release|x86.Build.0 = Release|Win32
	EndGlobalSection
	GlobalSection(SolutionProperties) = preSolution
		HideSolutionNode = FALSE
	EndGlobalSection
	GlobalSection(ExtensibilityGlobals) = postSolution
		SolutionGuid = {7A084F9F-981C-4A0B-A935-2B74B14B2878}
	EndGlobalSection
EndGlobal
